
#########################################################
# Timing Related Setting                                #
#########################################################
set_global_assignment -name SYNTH_TIMING_DRIVEN_SYNTHESIS OFF
set_global_assignment -name TIMEQUEST_MULTICORNER_ANALYSIS ON
#set_global_assignment -name AUTO_GLOBAL_CLOCK OFF
set_global_assignment -name AUTO_GLOBAL_REGISTER_CONTROLS OFF
set_global_assignment -name OPTIMIZE_HOLD_TIMING "ALL PATHS"
set_global_assignment -name OPTIMIZE_MULTI_CORNER_TIMING OFF
#set_global_assignment -name ENABLE_BENEFICIAL_SKEW_OPTIMIZATION OFF
set_global_assignment -name FITTER_EFFORT "STANDARD FIT"
set_global_assignment -name TIMEQUEST_DO_REPORT_TIMING ON
set_global_assignment -name BLOCK_RAM_TO_MLAB_CELL_CONVERSION OFF
set_global_assignment -name AUTO_RAM_RECOGNITION OFF
set_global_assignment -name AUTO_SHIFT_REGISTER_RECOGNITION OFF
set_global_assignment -name PLACEMENT_EFFORT_MULTIPLIER 10
set_global_assignment -name REMOVE_DUPLICATE_REGISTERS OFF
