# -------------------------------------------------------------------------- #
#
# Copyright (C) 2018  Intel Corporation. All rights reserved.
# Your use of Intel Corporation's design tools, logic functions 
# and other software and tools, and its AMPP partner logic 
# functions, and any output files from any of the foregoing 
# (including device programming or simulation files), and any 
# associated documentation or information are expressly subject 
# to the terms and conditions of the Intel Program License 
# Subscription Agreement, the Intel Quartus Prime License Agreement,
# the Intel FPGA IP License Agreement, or other applicable license
# agreement, including, without limitation, that your use is for
# the sole purpose of programming logic devices manufactured by
# Intel and sold by Intel or its authorized distributors.  Please
# refer to the applicable agreement for further details.
#
# -------------------------------------------------------------------------- #
#
# Quartus Prime
# Version 18.0.1 Build 261 06/28/2018 SJ Pro Edition
# Date created = 11:38:08  August 14, 2018
#
# -------------------------------------------------------------------------- #
#
# Notes:
#
# 1) The default values for assignments are stored in the file:
#		alt_e100s10_assignment_defaults.qdf
#    If this file doesn't exist, see file:
#		assignment_defaults.qdf
#
# 2) Intel recommends that you do not modify this file. This
#    file is updated automatically by the Quartus Prime software
#    and any changes you make may be lost or overwritten.
#
# -------------------------------------------------------------------------- #


# Project-Wide Assignments
# ========================
set_global_assignment -name ORIGINAL_QUARTUS_VERSION 18.0.1
set_global_assignment -name PROJECT_CREATION_TIME_DATE "11:37:01  AUGUST 14, 2018"
set_global_assignment -name LAST_QUARTUS_VERSION "18.0.1 Pro Edition"
set_global_assignment -name VERILOG_FILE alt_e100s10.v
set_global_assignment -name PROJECT_OUTPUT_DIRECTORY output_files
set_global_assignment -name QIP_FILE ../ex_100g/ex_100g.qip
set_global_assignment -name MESSAGE_DISABLE 332158
set_global_assignment -name MESSAGE_DISABLE 18291
set_global_assignment -name VERILOG_FILE ./common/alt_aeuex_user_mode_det.v
set_global_assignment -name VERILOG_FILE ./common/alt_aeuex_optics_control_i2c_workaround.v
set_global_assignment -name VERILOG_FILE ./common/alt_aeuex_mdio_control.v
set_global_assignment -name VERILOG_FILE ./common/alt_aeuex_i2c_wrapper.v
set_global_assignment -name VERILOG_FILE ./common/alt_aeuex_i2c_control.v
set_global_assignment -name VERILOG_FILE ./common/alt_aeuex_packet_client.v
set_global_assignment -name VERILOG_FILE ./common/alt_aeuex_ack_skid.v
set_global_assignment -name VERILOG_FILE ./common/alt_aeuex_mac_loopback.v
set_global_assignment -name VERILOG_FILE ./common/alt_aeuex_traffic_break.v
set_global_assignment -name VERILOG_FILE ./common/alt_aeuex_sync_arst.v
set_global_assignment -name VERILOG_FILE ./common/alt_aeuex_status_sync.v
set_global_assignment -name VERILOG_FILE ./common/alt_aeuex_packet_gen.v
set_global_assignment -name VERILOG_FILE ./common/alt_aeuex_packet_gen_sanity_check.v
set_global_assignment -name VERILOG_FILE ./common/alt_aeuex_stat_cntr_5port.v
set_global_assignment -name VERILOG_FILE ./common/alt_aeuex_six_three_comp.v
set_global_assignment -name VERILOG_FILE ./common/alt_aeuex_status_cntr_sync.v
set_global_assignment -name VERILOG_FILE ./common/alt_aeuex_a10_temp_sense.v
set_global_assignment -name VERILOG_FILE ./common/alt_aeuex_times_1pt8.v
set_global_assignment -name VERILOG_FILE ./common/alt_aeuex_sticky_flag.v
set_global_assignment -name VERILOG_FILE ./common/alt_aeuex_avalon_mm_read_combine.v
set_global_assignment -name VERILOG_FILE ./common/alt_aeuex_wide_stat_cntr_4port.v
set_global_assignment -name QSYS_FILE common/alt_e100s10_jtag_avalon.ip
set_global_assignment -name QSYS_FILE common/alt_e100s10_sys_pll.ip
set_global_assignment -name QSYS_FILE common/probe8.ip

# Pin & Location Assignments
# ==========================
set_location_assignment PIN_BD49 -to tx_serial[0]
set_location_assignment PIN_BA43 -to rx_serial[0]
set_location_assignment PIN_BA47 -to tx_serial[1]
set_location_assignment PIN_BB45 -to rx_serial[1]
set_location_assignment PIN_AY49 -to tx_serial[2]
set_location_assignment PIN_AU43 -to rx_serial[2]
set_location_assignment PIN_AW47 -to tx_serial[3]
set_location_assignment PIN_AY45 -to rx_serial[3]
set_location_assignment PIN_BD40 -to qsfp_rstn
set_location_assignment PIN_BE40 -to qsfp_lowpwr
set_location_assignment PIN_AK41 -to clk_ref_r
set_location_assignment PIN_AT17 -to clk50
set_location_assignment PIN_BG17 -to cpu_resetn
set_location_assignment PIN_BC21 -to user_led[0]
set_location_assignment PIN_BC20 -to user_led[1]
set_location_assignment PIN_BA20 -to user_led[2]
set_location_assignment PIN_BA21 -to user_led[3]
set_location_assignment PIN_BD21 -to user_led[4]
set_location_assignment PIN_BB20 -to user_led[5]
set_location_assignment PIN_AW21 -to user_led[6]
set_location_assignment PIN_AY21 -to user_led[7]
set_location_assignment PIN_AN20 -to user_io[0]
set_location_assignment PIN_AP21 -to user_io[1]
set_location_assignment PIN_AR21 -to user_io[2]
set_location_assignment PIN_AU20 -to user_io[3]
set_location_assignment PIN_AT21 -to user_io[4]
set_location_assignment PIN_BA19 -to user_io[5]
set_location_assignment PIN_BB19 -to user_io[6]
set_location_assignment PIN_AP20 -to user_io[7]
set_location_assignment PIN_AT20 -to user_io[8]
set_location_assignment PIN_AW19 -to user_io[9]

# Classic Timing Assignments
# ==========================
set_global_assignment -name TIMING_ANALYZER_MULTICORNER_ANALYSIS ON

# Analysis & Synthesis Assignments
# ================================
set_global_assignment -name TOP_LEVEL_ENTITY alt_e100s10
set_global_assignment -name FAMILY "Stratix 10"
set_global_assignment -name REMOVE_DUPLICATE_REGISTERS OFF
set_global_assignment -name SEARCH_PATH ./common

# Fitter Assignments
# ==================
set_global_assignment -name DEVICE 1SX280HN2F43E2VG
set_global_assignment -name PRESERVE_UNUSED_XCVR_CHANNEL ON
set_global_assignment -name BLOCK_RAM_TO_MLAB_CELL_CONVERSION OFF
set_global_assignment -name STRATIXV_CONFIGURATION_SCHEME "ACTIVE SERIAL X4"
set_global_assignment -name ENABLE_ED_CRC_CHECK ON
set_global_assignment -name MINIMUM_SEU_INTERVAL 2
set_global_assignment -name USE_PWRMGT_SCL SDM_IO14
set_global_assignment -name USE_PWRMGT_SDA SDM_IO11
set_global_assignment -name USE_CONF_DONE SDM_IO16
set_global_assignment -name USE_INIT_DONE SDM_IO0
set_global_assignment -name ACTIVE_SERIAL_CLOCK AS_FREQ_100MHZ

# Assembler Assignments
# =====================
set_global_assignment -name USE_CONFIGURATION_DEVICE ON
set_global_assignment -name PWRMGT_BUS_SPEED_MODE "400 KHZ"
set_global_assignment -name PWRMGT_SLAVE_DEVICE0_ADDRESS 4F
set_global_assignment -name PWRMGT_PAGE_COMMAND_ENABLE ON

# -------------------------
# start ENTITY(alt_e100s10)

	# Project-Wide Assignments
	# ========================
	set_global_assignment -name SDC_ENTITY_FILE ./alt_e100s10_clock.sdc -entity alt_e100s10
	set_global_assignment -name SDC_ENTITY_FILE ./alt_e100s10.sdc -entity alt_e100s10
	set_instance_assignment -name MESSAGE_DISABLE 13410 -to reconfig_readdata[31..8] -entity alt_e100s10
	set_instance_assignment -name MESSAGE_DISABLE 13410 -to l8_txstatus_error[0] -entity alt_e100s10
	set_instance_assignment -name MESSAGE_DISABLE 13410 -to l8_txstatus_error[3] -entity alt_e100s10
	set_instance_assignment -name MESSAGE_DISABLE 13410 -to l8_txstatus_error[4] -entity alt_e100s10
	set_instance_assignment -name MESSAGE_DISABLE 13410 -to l8_txstatus_error[5] -entity alt_e100s10
	set_instance_assignment -name MESSAGE_DISABLE 13410 -to l8_txstatus_error[6] -entity alt_e100s10
	set_global_assignment -name SDC_ENTITY_FILE alt_e100s10.sdc -entity alt_e100s10
	set_instance_assignment -name MESSAGE_DISABLE 13410 -to qsfp_lowpwr -entity alt_e100s10
	set_instance_assignment -name MESSAGE_DISABLE 13410 -to qsfp_rstn -entity alt_e100s10
	set_instance_assignment -name MESSAGE_DISABLE 13410 -to user_io[2] -entity alt_e100s10
	set_instance_assignment -name MESSAGE_DISABLE 13410 -to user_io[3] -entity alt_e100s10
	set_instance_assignment -name MESSAGE_DISABLE 13410 -to user_io[8] -entity alt_e100s10
	set_instance_assignment -name MESSAGE_DISABLE 13410 -to user_io[9] -entity alt_e100s10
	set_instance_assignment -name MESSAGE_DISABLE 13410 -to user_led[*] -entity alt_e100s10

	# Pin & Location Assignments
	# ==========================
	set_instance_assignment -name VIRTUAL_PIN ON -to status_write -entity alt_e100s10
	set_instance_assignment -name VIRTUAL_PIN ON -to status_read -entity alt_e100s10
	set_instance_assignment -name VIRTUAL_PIN ON -to status_addr -entity alt_e100s10
	set_instance_assignment -name VIRTUAL_PIN ON -to status_writedata -entity alt_e100s10
	set_instance_assignment -name VIRTUAL_PIN ON -to status_readdata -entity alt_e100s10
	set_instance_assignment -name VIRTUAL_PIN ON -to status_readdata_valid -entity alt_e100s10
	set_instance_assignment -name VIRTUAL_PIN ON -to status_waitrequest -entity alt_e100s10
	set_instance_assignment -name VIRTUAL_PIN ON -to l8_tx_startofpacket -entity alt_e100s10
	set_instance_assignment -name VIRTUAL_PIN ON -to l8_tx_endofpacket -entity alt_e100s10
	set_instance_assignment -name VIRTUAL_PIN ON -to l8_tx_valid -entity alt_e100s10
	set_instance_assignment -name VIRTUAL_PIN ON -to l8_tx_ready -entity alt_e100s10
	set_instance_assignment -name VIRTUAL_PIN ON -to l8_tx_error -entity alt_e100s10
	set_instance_assignment -name VIRTUAL_PIN ON -to l8_tx_empty -entity alt_e100s10
	set_instance_assignment -name VIRTUAL_PIN ON -to l8_tx_data -entity alt_e100s10
	set_instance_assignment -name VIRTUAL_PIN ON -to l8_rx_error -entity alt_e100s10
	set_instance_assignment -name VIRTUAL_PIN ON -to l8_rx_valid -entity alt_e100s10
	set_instance_assignment -name VIRTUAL_PIN ON -to l8_rx_startofpacket -entity alt_e100s10
	set_instance_assignment -name VIRTUAL_PIN ON -to l8_rx_endofpacket -entity alt_e100s10
	set_instance_assignment -name VIRTUAL_PIN ON -to l8_rx_empty -entity alt_e100s10
	set_instance_assignment -name VIRTUAL_PIN ON -to l8_rx_data -entity alt_e100s10
	set_instance_assignment -name VIRTUAL_PIN ON -to reconfig_reset -entity alt_e100s10
	set_instance_assignment -name VIRTUAL_PIN ON -to reconfig_write -entity alt_e100s10
	set_instance_assignment -name VIRTUAL_PIN ON -to reconfig_read -entity alt_e100s10
	set_instance_assignment -name VIRTUAL_PIN ON -to reconfig_address -entity alt_e100s10
	set_instance_assignment -name VIRTUAL_PIN ON -to reconfig_writedata -entity alt_e100s10
	set_instance_assignment -name VIRTUAL_PIN ON -to reconfig_readdata -entity alt_e100s10
	set_instance_assignment -name VIRTUAL_PIN ON -to reconfig_waitrequest -entity alt_e100s10
	set_instance_assignment -name VIRTUAL_PIN ON -to tx_lanes_stable -entity alt_e100s10
	set_instance_assignment -name VIRTUAL_PIN ON -to rx_pcs_ready -entity alt_e100s10
	set_instance_assignment -name VIRTUAL_PIN ON -to rx_block_lock -entity alt_e100s10
	set_instance_assignment -name VIRTUAL_PIN ON -to rx_am_lock -entity alt_e100s10
	set_instance_assignment -name VIRTUAL_PIN ON -to csr_rst_n -entity alt_e100s10
	set_instance_assignment -name VIRTUAL_PIN ON -to tx_rst_n -entity alt_e100s10
	set_instance_assignment -name VIRTUAL_PIN ON -to rx_rst_n -entity alt_e100s10
	set_instance_assignment -name VIRTUAL_PIN ON -to l8_txstatus_valid -entity alt_e100s10
	set_instance_assignment -name VIRTUAL_PIN ON -to l8_txstatus_data -entity alt_e100s10
	set_instance_assignment -name VIRTUAL_PIN ON -to l8_txstatus_error -entity alt_e100s10
	set_instance_assignment -name VIRTUAL_PIN ON -to l8_rxstatus_valid -entity alt_e100s10
	set_instance_assignment -name VIRTUAL_PIN ON -to l8_rxstatus_data -entity alt_e100s10

	# Fitter Assignments
	# ==================
	set_instance_assignment -name IO_STANDARD "CURRENT MODE LOGIC (CML)" -to rx_serial[*] -entity alt_e100s10
	set_instance_assignment -name IO_STANDARD "HSSI DIFFERENTIAL I/O" -to tx_serial[*] -entity alt_e100s10
	set_instance_assignment -name XCVR_VCCR_VCCT_VOLTAGE 1_1V -to rx_serial -entity alt_e100s10
	set_instance_assignment -name XCVR_VCCR_VCCT_VOLTAGE 1_1V -to tx_serial -entity alt_e100s10
	set_instance_assignment -name CLOCK_REGION AUTO -to alt_e100s10_inst|ex_100g_inst|xcvr|caui4_xcvr_644|g_xcvr_native_insts[1].ct2_xcvr_native_inst|inst_ct2_xcvr_channel_multi|gen_rev.ct2_xcvr_channel_inst|out_pld_pcs_rx_clk_out2_dcm -entity alt_e100s10
	set_instance_assignment -name CLOCK_REGION AUTO -to alt_e100s10_inst|ex_100g_inst|xcvr|caui4_xcvr_644|g_xcvr_native_insts[1].ct2_xcvr_native_inst|inst_ct2_xcvr_channel_multi|gen_rev.ct2_xcvr_channel_inst|out_pld_pcs_tx_clk_out2_dcm -entity alt_e100s10
	set_instance_assignment -name GXB_0PPM_CORECLK ON -to rx_serial[*] -entity alt_e100s10
	set_instance_assignment -name GXB_0PPM_CORECLK ON -to tx_serial[*] -entity alt_e100s10
	set_instance_assignment -name XCVR_VCCR_VCCT_VOLTAGE 1_1V -to rx_serial[*] -entity alt_e100s10
	set_instance_assignment -name XCVR_VCCR_VCCT_VOLTAGE 1_1V -to tx_serial[*] -entity alt_e100s10
	set_instance_assignment -name IO_STANDARD LVDS -to clk_ref_r -entity alt_e100s10
	set_instance_assignment -name IO_STANDARD LVDS -to "clk_ref_r(n)" -entity alt_e100s10
	set_instance_assignment -name IO_STANDARD "1.8 V" -to cpu_resetn -entity alt_e100s10
	set_instance_assignment -name IO_STANDARD "1.8 V" -to eQSFP_resetL -entity alt_e100s10
	set_instance_assignment -name IO_STANDARD "1.8 V" -to eQSFP_LPmode -entity alt_e100s10
	set_instance_assignment -name CLOCK_REGION AUTO -to ex_100g_inst|ex_100g_inst|xcvr|caui4_xcvr_644|g_xcvr_native_insts[1].ct2_xcvr_native_inst|inst_ct2_xcvr_channel_multi|gen_rev.ct2_xcvr_channel_inst|out_pld_pcs_rx_clk_out2_dcm -entity alt_e100s10
	set_instance_assignment -name CLOCK_REGION AUTO -to ex_100g_inst|ex_100g_inst|xcvr|caui4_xcvr_644|g_xcvr_native_insts[1].ct2_xcvr_native_inst|inst_ct2_xcvr_channel_multi|gen_rev.ct2_xcvr_channel_inst|out_pld_pcs_tx_clk_out2_dcm -entity alt_e100s10

# end ENTITY(alt_e100s10)
# -----------------------

# -----------------------------------------
# start ENTITY(alt_e100s10_wide_word_ram_8)

	# Project-Wide Assignments
	# ========================
	set_global_assignment -name MESSAGE_DISABLE 14320 -entity alt_e100s10_wide_word_ram_8

# end ENTITY(alt_e100s10_wide_word_ram_8)
# ---------------------------------------
