#########################################################
# Device and Board Setting                              #
#########################################################
set_global_assignment -name FAMILY "Arria 10"
set_global_assignment -name DEVICE 10AX115S4F45I3SG

set_global_assignment -name STRATIX_DEVICE_IO_STANDARD "1.8 V"
set_global_assignment -name MIN_CORE_JUNCTION_TEMP 0
set_global_assignment -name MAX_CORE_JUNCTION_TEMP 100
set_global_assignment -name POWER_PRESET_COOLING_SOLUTION "23 MM HEAT SINK WITH 200 LFPM AIRFLOW"
set_global_assignment -name POWER_BOARD_THERMAL_MODEL "NONE (CONSERVATIVE)"

#########################################################
# I/O pins                                              #
#########################################################
#LEFT TRANSCEIVER BANK-1G: 2.4mm Connectors, 644MHz refclk
set_instance_assignment -name IO_STANDARD "CURRENT MODE LOGIC (CML)" -to rx_serial_r[0]
set_instance_assignment -name IO_STANDARD "CURRENT MODE LOGIC (CML)" -to rx_serial_r[1]
set_instance_assignment -name IO_STANDARD "CURRENT MODE LOGIC (CML)" -to rx_serial_r[2]
set_instance_assignment -name IO_STANDARD "CURRENT MODE LOGIC (CML)" -to rx_serial_r[3]
set_instance_assignment -name IO_STANDARD "HSSI DIFFERENTIAL I/O" -to tx_serial_r[0]
set_instance_assignment -name IO_STANDARD "HSSI DIFFERENTIAL I/O" -to tx_serial_r[1]
set_instance_assignment -name IO_STANDARD "HSSI DIFFERENTIAL I/O" -to tx_serial_r[2]
set_instance_assignment -name IO_STANDARD "HSSI DIFFERENTIAL I/O" -to tx_serial_r[3]
set_instance_assignment -name XCVR_VCCR_VCCT_VOLTAGE 1_0V -to rx_serial_r[0]
set_instance_assignment -name XCVR_VCCR_VCCT_VOLTAGE 1_0V -to rx_serial_r[1]
set_instance_assignment -name XCVR_VCCR_VCCT_VOLTAGE 1_0V -to rx_serial_r[2]
set_instance_assignment -name XCVR_VCCR_VCCT_VOLTAGE 1_0V -to rx_serial_r[3]
set_instance_assignment -name XCVR_VCCR_VCCT_VOLTAGE 1_0V -to tx_serial_r[0]
set_instance_assignment -name XCVR_VCCR_VCCT_VOLTAGE 1_0V -to tx_serial_r[1]
set_instance_assignment -name XCVR_VCCR_VCCT_VOLTAGE 1_0V -to tx_serial_r[2]
set_instance_assignment -name XCVR_VCCR_VCCT_VOLTAGE 1_0V -to tx_serial_r[3]
set_location_assignment PIN_R42 -to rx_serial_r[0]
set_location_assignment PIN_K44 -to tx_serial_r[0]
set_location_assignment PIN_P40 -to rx_serial_r[1]
set_location_assignment PIN_J42 -to tx_serial_r[1]
set_location_assignment PIN_M40 -to rx_serial_r[2]
set_location_assignment PIN_G42 -to tx_serial_r[2]
set_location_assignment PIN_L42 -to rx_serial_r[3]
set_location_assignment PIN_F44 -to tx_serial_r[3]
set_instance_assignment -name IO_STANDARD LVDS -to clk_ref_r
set_location_assignment PIN_R37 -to clk_ref_r
set_instance_assignment -name IO_STANDARD LVDS -to clk50
set_location_assignment PIN_AU33 -to clk50
set_location_assignment PIN_AU22 -to cpu_resetn
#LEDs
set_location_assignment PIN_AP22 -to leds[0]
set_location_assignment PIN_AP23 -to leds[1]
set_location_assignment PIN_AT25 -to leds[2]
set_location_assignment PIN_AR25 -to leds[3]
set_location_assignment PIN_AT23 -to leds[4]
set_location_assignment PIN_AT24 -to leds[5]
set_location_assignment PIN_AR24 -to leds[6]
set_location_assignment PIN_AP24 -to leds[7]
#DIP SW
set_location_assignment PIN_BA19 -to user_dip[0]
set_location_assignment PIN_BA20 -to user_dip[1]
set_location_assignment PIN_BA17 -to user_dip[2]
set_location_assignment PIN_BA18 -to user_dip[3]
set_location_assignment PIN_BC21 -to user_dip[4]
set_location_assignment PIN_BB21 -to user_dip[5]
set_location_assignment PIN_BC20 -to user_dip[6]
